
Microsoft Visual Studio Solution File, Format Version 12.00
# Visual Studio Version 16
VisualStudioVersion = 16.0.29326.143
MinimumVisualStudioVersion = 10.0.40219.1
Project("{FAE04EC0-301F-11D3-BF4B-00C04F79EFBC}") = "ConsoleXadrez", "ConsoleXadrez\ConsoleXadrez.csproj", "{68113752-AA65-40FA-9B29-DD1448D37CD4}"
EndProject
Global
	GlobalSection(SolutionConfigurationPlatforms) = preSolution
		Debug|Any CPU = Debug|Any CPU
		Release|Any CPU = Release|Any CPU
	EndGlobalSection
	GlobalSection(ProjectConfigurationPlatforms) = postSolution
		{68113752-AA65-40FA-9B29-DD1448D37CD4}.Debug|Any CPU.ActiveCfg = Debug|Any CPU
		{68113752-AA65-40FA-9B29-DD1448D37CD4}.Debug|Any CPU.Build.0 = Debug|Any CPU
		{68113752-AA65-40FA-9B29-DD1448D37CD4}.Release|Any CPU.ActiveCfg = Release|Any CPU
		{68113752-AA65-40FA-9B29-DD1448D37CD4}.Release|Any CPU.Build.0 = Release|Any CPU
	EndGlobalSection
	GlobalSection(SolutionProperties) = preSolution
		HideSolutionNode = FALSE
	EndGlobalSection
	GlobalSection(ExtensibilityGlobals) = postSolution
		SolutionGuid = {01EF3AD2-81A2-4C92-838F-946111B0B2BE}
	EndGlobalSection
EndGlobal
